
Microsoft Visual Studio Solution File, Format Version 12.00
# Visual Studio Express 15 for Windows Desktop
VisualStudioVersion = 15.0.28307.1259
MinimumVisualStudioVersion = 10.0.40219.1
Project("{8BC9CEB8-8B4A-11D0-8D11-00A0C91BC942}") = "GLTest", "GLTest.vcxproj", "{53CAD7B7-C582-4B77-8C8E-D02087B1EB0E}"
EndProject
Global
	GlobalSection(SolutionConfigurationPlatforms) = preSolution
		Debug|x64 = Debug|x64
		Debug|x86 = Debug|x86
		Release|x64 = Release|x64
		Release|x86 = Release|x86
	EndGlobalSection
	GlobalSection(ProjectConfigurationPlatforms) = postSolution
		{53CAD7B7-C582-4B77-8C8E-D02087B1EB0E}.Debug|x64.ActiveCfg = Debug|x64
		{53CAD7B7-C582-4B77-8C8E-D02087B1EB0E}.Debug|x64.Build.0 = Debug|x64
		{53CAD7B7-C582-4B77-8C8E-D02087B1EB0E}.Debug|x86.ActiveCfg = Debug|Win32
		{53CAD7B7-C582-4B77-8C8E-D02087B1EB0E}.Debug|x86.Build.0 = Debug|Win32
		{53CAD7B7-C582-4B77-8C8E-D02087B1EB0E}.Release|x64.ActiveCfg = Release|x64
		{53CAD7B7-C582-4B77-8C8E-D02087B1EB0E}.Release|x64.Build.0 = Release|x64
		{53CAD7B7-C582-4B77-8C8E-D02087B1EB0E}.Release|x86.ActiveCfg = Release|Win32
		{53CAD7B7-C582-4B77-8C8E-D02087B1EB0E}.Release|x86.Build.0 = Release|Win32
	EndGlobalSection
	GlobalSection(SolutionProperties) = preSolution
		HideSolutionNode = FALSE
	EndGlobalSection
	GlobalSection(ExtensibilityGlobals) = postSolution
		SolutionGuid = {77CB14AC-18F5-4724-A58B-6CAAA95CD32F}
	EndGlobalSection
EndGlobal
